// !$*UTF8*$!
{
	archiveVersion = 1;
	classes = {
	};
	objectVersion = 55;
	objects = {

/* Begin PBXBuildFile section */
		9A02D3F728E43CDF006BAAEE /* SignUpView.swift in Sources */ = {isa = PBXBuildFile; fileRef = 9A02D3F628E43CDF006BAAEE /* SignUpView.swift */; };
		9A257A5F28D114CB00884AA2 /* PreferenceKeys.swift in Sources */ = {isa = PBXBuildFile; fileRef = 9A257A5E28D114CB00884AA2 /* PreferenceKeys.swift */; };
		9A257A6128D11BE700884AA2 /* AnimatableFontModifier.swift in Sources */ = {isa = PBXBuildFile; fileRef = 9A257A6028D11BE700884AA2 /* AnimatableFontModifier.swift */; };
		9A257B542897B59800E7C3E2 /* AccountView.swift in Sources */ = {isa = PBXBuildFile; fileRef = 9A257B532897B59800E7C3E2 /* AccountView.swift */; };
		9A27FB9D28CFA5DE008B36CD /* FeaturedItem.swift in Sources */ = {isa = PBXBuildFile; fileRef = 9A27FB9C28CFA5DE008B36CD /* FeaturedItem.swift */; };
		9A27FB9F28CFA7AC008B36CD /* NavigationBar.swift in Sources */ = {isa = PBXBuildFile; fileRef = 9A27FB9E28CFA7AC008B36CD /* NavigationBar.swift */; };
		9A33172928CB857D0001A508 /* BlobView.swift in Sources */ = {isa = PBXBuildFile; fileRef = 9A33172828CB857D0001A508 /* BlobView.swift */; };
		9A38FA8D28E45DAF00F955E1 /* AngularButtonStyle.swift in Sources */ = {isa = PBXBuildFile; fileRef = 9A38FA8C28E45DAF00F955E1 /* AngularButtonStyle.swift */; };
		9A3EB45528C7D0AF00116470 /* HexagonView.swift in Sources */ = {isa = PBXBuildFile; fileRef = 9A3EB45428C7D0AF00116470 /* HexagonView.swift */; };
		9A479ABE28915AAB00EA65AA /* DesignCodeAppApp.swift in Sources */ = {isa = PBXBuildFile; fileRef = 9A479ABD28915AAB00EA65AA /* DesignCodeAppApp.swift */; };
		9A479AC028915AAB00EA65AA /* ContentView.swift in Sources */ = {isa = PBXBuildFile; fileRef = 9A479ABF28915AAB00EA65AA /* ContentView.swift */; };
		9A479AC228915AAB00EA65AA /* Assets.xcassets in Resources */ = {isa = PBXBuildFile; fileRef = 9A479AC128915AAB00EA65AA /* Assets.xcassets */; };
		9A479AC528915AAB00EA65AA /* Preview Assets.xcassets in Resources */ = {isa = PBXBuildFile; fileRef = 9A479AC428915AAB00EA65AA /* Preview Assets.xcassets */; };
		9A64FB7F28CE641600A42006 /* TabBar.swift in Sources */ = {isa = PBXBuildFile; fileRef = 9A64FB7E28CE641600A42006 /* TabBar.swift */; };
		9A64FB8128CE726200A42006 /* Tab.swift in Sources */ = {isa = PBXBuildFile; fileRef = 9A64FB8028CE726200A42006 /* Tab.swift */; };
		9A72EDB928E0682D00C4C139 /* Model.swift in Sources */ = {isa = PBXBuildFile; fileRef = 9A72EDB828E0682D00C4C139 /* Model.swift */; };
		9A83E49E28DE322000D43D32 /* Animations.swift in Sources */ = {isa = PBXBuildFile; fileRef = 9A83E49D28DE322000D43D32 /* Animations.swift */; };
		9A8A14FD2895C69800DC1A1C /* Style.swift in Sources */ = {isa = PBXBuildFile; fileRef = 9A8A14FC2895C69800DC1A1C /* Style.swift */; };
		9A8DF97C28D84EE20056B3E9 /* MatchedView.swift in Sources */ = {isa = PBXBuildFile; fileRef = 9A8DF97B28D84EE20056B3E9 /* MatchedView.swift */; };
		9AA50B3E28D3B0BC00B86E93 /* Course.swift in Sources */ = {isa = PBXBuildFile; fileRef = 9AA50B3D28D3B0BC00B86E93 /* Course.swift */; };
		9AA933A528E21602001F1C48 /* SearchView.swift in Sources */ = {isa = PBXBuildFile; fileRef = 9AA933A428E21602001F1C48 /* SearchView.swift */; };
		9AAA1C2328E6F42100FE8B5B /* InputStyle.swift in Sources */ = {isa = PBXBuildFile; fileRef = 9AAA1C2228E6F42100FE8B5B /* InputStyle.swift */; };
		9AC442E828D9D5B20093D0CD /* CourseItem.swift in Sources */ = {isa = PBXBuildFile; fileRef = 9AC442E728D9D5B20093D0CD /* CourseItem.swift */; };
		9AC442EA28D9D7AF0093D0CD /* CourseView.swift in Sources */ = {isa = PBXBuildFile; fileRef = 9AC442E928D9D7AF0093D0CD /* CourseView.swift */; };
		9AC442ED28D9DA130093D0CD /* ColorConverter.swift in Sources */ = {isa = PBXBuildFile; fileRef = 9AC442EC28D9DA130093D0CD /* ColorConverter.swift */; };
		9AF7A5A528CF42CA0048B2F2 /* HomeView.swift in Sources */ = {isa = PBXBuildFile; fileRef = 9AF7A5A428CF42CA0048B2F2 /* HomeView.swift */; };
		9AF83EFB28E2D8B7001494F6 /* Suggestion.swift in Sources */ = {isa = PBXBuildFile; fileRef = 9AF83EFA28E2D8B7001494F6 /* Suggestion.swift */; };
/* End PBXBuildFile section */

/* Begin PBXFileReference section */
		9A02D3F628E43CDF006BAAEE /* SignUpView.swift */ = {isa = PBXFileReference; lastKnownFileType = sourcecode.swift; path = SignUpView.swift; sourceTree = "<group>"; };
		9A257A5E28D114CB00884AA2 /* PreferenceKeys.swift */ = {isa = PBXFileReference; lastKnownFileType = sourcecode.swift; path = PreferenceKeys.swift; sourceTree = "<group>"; };
		9A257A6028D11BE700884AA2 /* AnimatableFontModifier.swift */ = {isa = PBXFileReference; lastKnownFileType = sourcecode.swift; path = AnimatableFontModifier.swift; sourceTree = "<group>"; };
		9A257B532897B59800E7C3E2 /* AccountView.swift */ = {isa = PBXFileReference; lastKnownFileType = sourcecode.swift; path = AccountView.swift; sourceTree = "<group>"; };
		9A27FB9C28CFA5DE008B36CD /* FeaturedItem.swift */ = {isa = PBXFileReference; lastKnownFileType = sourcecode.swift; path = FeaturedItem.swift; sourceTree = "<group>"; };
		9A27FB9E28CFA7AC008B36CD /* NavigationBar.swift */ = {isa = PBXFileReference; lastKnownFileType = sourcecode.swift; path = NavigationBar.swift; sourceTree = "<group>"; };
		9A33172828CB857D0001A508 /* BlobView.swift */ = {isa = PBXFileReference; lastKnownFileType = sourcecode.swift; path = BlobView.swift; sourceTree = "<group>"; };
		9A38FA8C28E45DAF00F955E1 /* AngularButtonStyle.swift */ = {isa = PBXFileReference; lastKnownFileType = sourcecode.swift; path = AngularButtonStyle.swift; sourceTree = "<group>"; };
		9A3EB45428C7D0AF00116470 /* HexagonView.swift */ = {isa = PBXFileReference; lastKnownFileType = sourcecode.swift; path = HexagonView.swift; sourceTree = "<group>"; };
		9A479ABA28915AAB00EA65AA /* DesignCodeApp.app */ = {isa = PBXFileReference; explicitFileType = wrapper.application; includeInIndex = 0; path = DesignCodeApp.app; sourceTree = BUILT_PRODUCTS_DIR; };
		9A479ABD28915AAB00EA65AA /* DesignCodeAppApp.swift */ = {isa = PBXFileReference; lastKnownFileType = sourcecode.swift; path = DesignCodeAppApp.swift; sourceTree = "<group>"; };
		9A479ABF28915AAB00EA65AA /* ContentView.swift */ = {isa = PBXFileReference; lastKnownFileType = sourcecode.swift; path = ContentView.swift; sourceTree = "<group>"; };
		9A479AC128915AAB00EA65AA /* Assets.xcassets */ = {isa = PBXFileReference; lastKnownFileType = folder.assetcatalog; path = Assets.xcassets; sourceTree = "<group>"; };
		9A479AC428915AAB00EA65AA /* Preview Assets.xcassets */ = {isa = PBXFileReference; lastKnownFileType = folder.assetcatalog; path = "Preview Assets.xcassets"; sourceTree = "<group>"; };
		9A64FB7E28CE641600A42006 /* TabBar.swift */ = {isa = PBXFileReference; lastKnownFileType = sourcecode.swift; path = TabBar.swift; sourceTree = "<group>"; };
		9A64FB8028CE726200A42006 /* Tab.swift */ = {isa = PBXFileReference; lastKnownFileType = sourcecode.swift; path = Tab.swift; sourceTree = "<group>"; };
		9A72EDB828E0682D00C4C139 /* Model.swift */ = {isa = PBXFileReference; lastKnownFileType = sourcecode.swift; path = Model.swift; sourceTree = "<group>"; };
		9A83E49D28DE322000D43D32 /* Animations.swift */ = {isa = PBXFileReference; lastKnownFileType = sourcecode.swift; path = Animations.swift; sourceTree = "<group>"; };
		9A8A14FC2895C69800DC1A1C /* Style.swift */ = {isa = PBXFileReference; lastKnownFileType = sourcecode.swift; path = Style.swift; sourceTree = "<group>"; };
		9A8DF97B28D84EE20056B3E9 /* MatchedView.swift */ = {isa = PBXFileReference; lastKnownFileType = sourcecode.swift; path = MatchedView.swift; sourceTree = "<group>"; };
		9AA50B3D28D3B0BC00B86E93 /* Course.swift */ = {isa = PBXFileReference; lastKnownFileType = sourcecode.swift; path = Course.swift; sourceTree = "<group>"; };
		9AA933A428E21602001F1C48 /* SearchView.swift */ = {isa = PBXFileReference; lastKnownFileType = sourcecode.swift; path = SearchView.swift; sourceTree = "<group>"; };
		9AAA1C2228E6F42100FE8B5B /* InputStyle.swift */ = {isa = PBXFileReference; lastKnownFileType = sourcecode.swift; path = InputStyle.swift; sourceTree = "<group>"; };
		9AC442E728D9D5B20093D0CD /* CourseItem.swift */ = {isa = PBXFileReference; lastKnownFileType = sourcecode.swift; path = CourseItem.swift; sourceTree = "<group>"; };
		9AC442E928D9D7AF0093D0CD /* CourseView.swift */ = {isa = PBXFileReference; lastKnownFileType = sourcecode.swift; path = CourseView.swift; sourceTree = "<group>"; };
		9AC442EC28D9DA130093D0CD /* ColorConverter.swift */ = {isa = PBXFileReference; lastKnownFileType = sourcecode.swift; path = ColorConverter.swift; sourceTree = "<group>"; };
		9AF7A5A428CF42CA0048B2F2 /* HomeView.swift */ = {isa = PBXFileReference; lastKnownFileType = sourcecode.swift; path = HomeView.swift; sourceTree = "<group>"; };
		9AF83EFA28E2D8B7001494F6 /* Suggestion.swift */ = {isa = PBXFileReference; lastKnownFileType = sourcecode.swift; path = Suggestion.swift; sourceTree = "<group>"; };
/* End PBXFileReference section */

/* Begin PBXFrameworksBuildPhase section */
		9A479AB728915AAB00EA65AA /* Frameworks */ = {
			isa = PBXFrameworksBuildPhase;
			buildActionMask = 2147483647;
			files = (
			);
			runOnlyForDeploymentPostprocessing = 0;
		};
/* End PBXFrameworksBuildPhase section */

/* Begin PBXGroup section */
		9A479AB128915AAB00EA65AA = {
			isa = PBXGroup;
			children = (
				9A479ABC28915AAB00EA65AA /* DesignCodeApp */,
				9A479ABB28915AAB00EA65AA /* Products */,
			);
			sourceTree = "<group>";
		};
		9A479ABB28915AAB00EA65AA /* Products */ = {
			isa = PBXGroup;
			children = (
				9A479ABA28915AAB00EA65AA /* DesignCodeApp.app */,
			);
			name = Products;
			sourceTree = "<group>";
		};
		9A479ABC28915AAB00EA65AA /* DesignCodeApp */ = {
			isa = PBXGroup;
			children = (
				9A479ABD28915AAB00EA65AA /* DesignCodeAppApp.swift */,
				9AF7A5A628CF5B220048B2F2 /* Navigation */,
				9AF7A5AA28CF5B840048B2F2 /* Style */,
				9AF7A5A728CF5B2C0048B2F2 /* Views */,
				9AF7A5A828CF5B470048B2F2 /* Components */,
				9AF7A5A928CF5B560048B2F2 /* Model */,
				9AC442EB28D9D9ED0093D0CD /* Utils */,
				9A479AC128915AAB00EA65AA /* Assets.xcassets */,
				9A479AC328915AAB00EA65AA /* Preview Content */,
			);
			path = DesignCodeApp;
			sourceTree = "<group>";
		};
		9A479AC328915AAB00EA65AA /* Preview Content */ = {
			isa = PBXGroup;
			children = (
				9A479AC428915AAB00EA65AA /* Preview Assets.xcassets */,
			);
			path = "Preview Content";
			sourceTree = "<group>";
		};
		9AC442EB28D9D9ED0093D0CD /* Utils */ = {
			isa = PBXGroup;
			children = (
				9AC442EC28D9DA130093D0CD /* ColorConverter.swift */,
			);
			path = Utils;
			sourceTree = "<group>";
		};
		9AF7A5A628CF5B220048B2F2 /* Navigation */ = {
			isa = PBXGroup;
			children = (
				9A479ABF28915AAB00EA65AA /* ContentView.swift */,
				9A64FB7E28CE641600A42006 /* TabBar.swift */,
				9A27FB9E28CFA7AC008B36CD /* NavigationBar.swift */,
			);
			path = Navigation;
			sourceTree = "<group>";
		};
		9AF7A5A728CF5B2C0048B2F2 /* Views */ = {
			isa = PBXGroup;
			children = (
				9A257B532897B59800E7C3E2 /* AccountView.swift */,
				9AF7A5A428CF42CA0048B2F2 /* HomeView.swift */,
				9A8DF97B28D84EE20056B3E9 /* MatchedView.swift */,
				9AC442E928D9D7AF0093D0CD /* CourseView.swift */,
				9AA933A428E21602001F1C48 /* SearchView.swift */,
				9A02D3F628E43CDF006BAAEE /* SignUpView.swift */,
			);
			path = Views;
			sourceTree = "<group>";
		};
		9AF7A5A828CF5B470048B2F2 /* Components */ = {
			isa = PBXGroup;
			children = (
				9A33172828CB857D0001A508 /* BlobView.swift */,
				9A3EB45428C7D0AF00116470 /* HexagonView.swift */,
				9A27FB9C28CFA5DE008B36CD /* FeaturedItem.swift */,
				9AC442E728D9D5B20093D0CD /* CourseItem.swift */,
			);
			path = Components;
			sourceTree = "<group>";
		};
		9AF7A5A928CF5B560048B2F2 /* Model */ = {
			isa = PBXGroup;
			children = (
				9A64FB8028CE726200A42006 /* Tab.swift */,
				9A257A5E28D114CB00884AA2 /* PreferenceKeys.swift */,
				9AA50B3D28D3B0BC00B86E93 /* Course.swift */,
				9A72EDB828E0682D00C4C139 /* Model.swift */,
				9AF83EFA28E2D8B7001494F6 /* Suggestion.swift */,
			);
			path = Model;
			sourceTree = "<group>";
		};
		9AF7A5AA28CF5B840048B2F2 /* Style */ = {
			isa = PBXGroup;
			children = (
				9A8A14FC2895C69800DC1A1C /* Style.swift */,
				9A257A6028D11BE700884AA2 /* AnimatableFontModifier.swift */,
				9A83E49D28DE322000D43D32 /* Animations.swift */,
				9A38FA8C28E45DAF00F955E1 /* AngularButtonStyle.swift */,
				9AAA1C2228E6F42100FE8B5B /* InputStyle.swift */,
			);
			path = Style;
			sourceTree = "<group>";
		};
/* End PBXGroup section */

/* Begin PBXNativeTarget section */
		9A479AB928915AAB00EA65AA /* DesignCodeApp */ = {
			isa = PBXNativeTarget;
			buildConfigurationList = 9A479AC828915AAB00EA65AA /* Build configuration list for PBXNativeTarget "DesignCodeApp" */;
			buildPhases = (
				9A479AB628915AAB00EA65AA /* Sources */,
				9A479AB728915AAB00EA65AA /* Frameworks */,
				9A479AB828915AAB00EA65AA /* Resources */,
			);
			buildRules = (
			);
			dependencies = (
			);
			name = DesignCodeApp;
			productName = DesignCodeApp;
			productReference = 9A479ABA28915AAB00EA65AA /* DesignCodeApp.app */;
			productType = "com.apple.product-type.application";
		};
/* End PBXNativeTarget section */

/* Begin PBXProject section */
		9A479AB228915AAB00EA65AA /* Project object */ = {
			isa = PBXProject;
			attributes = {
				BuildIndependentTargetsInParallel = 1;
				LastSwiftUpdateCheck = 1340;
				LastUpgradeCheck = 1340;
				TargetAttributes = {
					9A479AB928915AAB00EA65AA = {
						CreatedOnToolsVersion = 13.4.1;
					};
				};
			};
			buildConfigurationList = 9A479AB528915AAB00EA65AA /* Build configuration list for PBXProject "DesignCodeApp" */;
			compatibilityVersion = "Xcode 13.0";
			developmentRegion = en;
			hasScannedForEncodings = 0;
			knownRegions = (
				en,
				Base,
			);
			mainGroup = 9A479AB128915AAB00EA65AA;
			productRefGroup = 9A479ABB28915AAB00EA65AA /* Products */;
			projectDirPath = "";
			projectRoot = "";
			targets = (
				9A479AB928915AAB00EA65AA /* DesignCodeApp */,
			);
		};
/* End PBXProject section */

/* Begin PBXResourcesBuildPhase section */
		9A479AB828915AAB00EA65AA /* Resources */ = {
			isa = PBXResourcesBuildPhase;
			buildActionMask = 2147483647;
			files = (
				9A479AC528915AAB00EA65AA /* Preview Assets.xcassets in Resources */,
				9A479AC228915AAB00EA65AA /* Assets.xcassets in Resources */,
			);
			runOnlyForDeploymentPostprocessing = 0;
		};
/* End PBXResourcesBuildPhase section */

/* Begin PBXSourcesBuildPhase section */
		9A479AB628915AAB00EA65AA /* Sources */ = {
			isa = PBXSourcesBuildPhase;
			buildActionMask = 2147483647;
			files = (
				9AF7A5A528CF42CA0048B2F2 /* HomeView.swift in Sources */,
				9AAA1C2328E6F42100FE8B5B /* InputStyle.swift in Sources */,
				9AF83EFB28E2D8B7001494F6 /* Suggestion.swift in Sources */,
				9A257B542897B59800E7C3E2 /* AccountView.swift in Sources */,
				9AC442EA28D9D7AF0093D0CD /* CourseView.swift in Sources */,
				9A3EB45528C7D0AF00116470 /* HexagonView.swift in Sources */,
				9A02D3F728E43CDF006BAAEE /* SignUpView.swift in Sources */,
				9A479AC028915AAB00EA65AA /* ContentView.swift in Sources */,
				9A8DF97C28D84EE20056B3E9 /* MatchedView.swift in Sources */,
				9A64FB8128CE726200A42006 /* Tab.swift in Sources */,
				9A27FB9F28CFA7AC008B36CD /* NavigationBar.swift in Sources */,
				9A33172928CB857D0001A508 /* BlobView.swift in Sources */,
				9A8A14FD2895C69800DC1A1C /* Style.swift in Sources */,
				9AA933A528E21602001F1C48 /* SearchView.swift in Sources */,
				9AC442ED28D9DA130093D0CD /* ColorConverter.swift in Sources */,
				9AA50B3E28D3B0BC00B86E93 /* Course.swift in Sources */,
				9A479ABE28915AAB00EA65AA /* DesignCodeAppApp.swift in Sources */,
				9A83E49E28DE322000D43D32 /* Animations.swift in Sources */,
				9AC442E828D9D5B20093D0CD /* CourseItem.swift in Sources */,
				9A38FA8D28E45DAF00F955E1 /* AngularButtonStyle.swift in Sources */,
				9A72EDB928E0682D00C4C139 /* Model.swift in Sources */,
				9A27FB9D28CFA5DE008B36CD /* FeaturedItem.swift in Sources */,
				9A257A5F28D114CB00884AA2 /* PreferenceKeys.swift in Sources */,
				9A64FB7F28CE641600A42006 /* TabBar.swift in Sources */,
				9A257A6128D11BE700884AA2 /* AnimatableFontModifier.swift in Sources */,
			);
			runOnlyForDeploymentPostprocessing = 0;
		};
/* End PBXSourcesBuildPhase section */

/* Begin XCBuildConfiguration section */
		9A479AC628915AAB00EA65AA /* Debug */ = {
			isa = XCBuildConfiguration;
			buildSettings = {
				ALWAYS_SEARCH_USER_PATHS = NO;
				CLANG_ANALYZER_NONNULL = YES;
				CLANG_ANALYZER_NUMBER_OBJECT_CONVERSION = YES_AGGRESSIVE;
				CLANG_CXX_LANGUAGE_STANDARD = "gnu++17";
				CLANG_ENABLE_MODULES = YES;
				CLANG_ENABLE_OBJC_ARC = YES;
				CLANG_ENABLE_OBJC_WEAK = YES;
				CLANG_WARN_BLOCK_CAPTURE_AUTORELEASING = YES;
				CLANG_WARN_BOOL_CONVERSION = YES;
				CLANG_WARN_COMMA = YES;
				CLANG_WARN_CONSTANT_CONVERSION = YES;
				CLANG_WARN_DEPRECATED_OBJC_IMPLEMENTATIONS = YES;
				CLANG_WARN_DIRECT_OBJC_ISA_USAGE = YES_ERROR;
				CLANG_WARN_DOCUMENTATION_COMMENTS = YES;
				CLANG_WARN_EMPTY_BODY = YES;
				CLANG_WARN_ENUM_CONVERSION = YES;
				CLANG_WARN_INFINITE_RECURSION = YES;
				CLANG_WARN_INT_CONVERSION = YES;
				CLANG_WARN_NON_LITERAL_NULL_CONVERSION = YES;
				CLANG_WARN_OBJC_IMPLICIT_RETAIN_SELF = YES;
				CLANG_WARN_OBJC_LITERAL_CONVERSION = YES;
				CLANG_WARN_OBJC_ROOT_CLASS = YES_ERROR;
				CLANG_WARN_QUOTED_INCLUDE_IN_FRAMEWORK_HEADER = YES;
				CLANG_WARN_RANGE_LOOP_ANALYSIS = YES;
				CLANG_WARN_STRICT_PROTOTYPES = YES;
				CLANG_WARN_SUSPICIOUS_MOVE = YES;
				CLANG_WARN_UNGUARDED_AVAILABILITY = YES_AGGRESSIVE;
				CLANG_WARN_UNREACHABLE_CODE = YES;
				CLANG_WARN__DUPLICATE_METHOD_MATCH = YES;
				COPY_PHASE_STRIP = NO;
				DEBUG_INFORMATION_FORMAT = dwarf;
				ENABLE_STRICT_OBJC_MSGSEND = YES;
				ENABLE_TESTABILITY = YES;
				GCC_C_LANGUAGE_STANDARD = gnu11;
				GCC_DYNAMIC_NO_PIC = NO;
				GCC_NO_COMMON_BLOCKS = YES;
				GCC_OPTIMIZATION_LEVEL = 0;
				GCC_PREPROCESSOR_DEFINITIONS = (
					"DEBUG=1",
					"$(inherited)",
				);
				GCC_WARN_64_TO_32_BIT_CONVERSION = YES;
				GCC_WARN_ABOUT_RETURN_TYPE = YES_ERROR;
				GCC_WARN_UNDECLARED_SELECTOR = YES;
				GCC_WARN_UNINITIALIZED_AUTOS = YES_AGGRESSIVE;
				GCC_WARN_UNUSED_FUNCTION = YES;
				GCC_WARN_UNUSED_VARIABLE = YES;
				IPHONEOS_DEPLOYMENT_TARGET = 15.5;
				MTL_ENABLE_DEBUG_INFO = INCLUDE_SOURCE;
				MTL_FAST_MATH = YES;
				ONLY_ACTIVE_ARCH = YES;
				SDKROOT = iphoneos;
				SWIFT_ACTIVE_COMPILATION_CONDITIONS = DEBUG;
				SWIFT_OPTIMIZATION_LEVEL = "-Onone";
			};
			name = Debug;
		};
		9A479AC728915AAB00EA65AA /* Release */ = {
			isa = XCBuildConfiguration;
			buildSettings = {
				ALWAYS_SEARCH_USER_PATHS = NO;
				CLANG_ANALYZER_NONNULL = YES;
				CLANG_ANALYZER_NUMBER_OBJECT_CONVERSION = YES_AGGRESSIVE;
				CLANG_CXX_LANGUAGE_STANDARD = "gnu++17";
				CLANG_ENABLE_MODULES = YES;
				CLANG_ENABLE_OBJC_ARC = YES;
				CLANG_ENABLE_OBJC_WEAK = YES;
				CLANG_WARN_BLOCK_CAPTURE_AUTORELEASING = YES;
				CLANG_WARN_BOOL_CONVERSION = YES;
				CLANG_WARN_COMMA = YES;
				CLANG_WARN_CONSTANT_CONVERSION = YES;
				CLANG_WARN_DEPRECATED_OBJC_IMPLEMENTATIONS = YES;
				CLANG_WARN_DIRECT_OBJC_ISA_USAGE = YES_ERROR;
				CLANG_WARN_DOCUMENTATION_COMMENTS = YES;
				CLANG_WARN_EMPTY_BODY = YES;
				CLANG_WARN_ENUM_CONVERSION = YES;
				CLANG_WARN_INFINITE_RECURSION = YES;
				CLANG_WARN_INT_CONVERSION = YES;
				CLANG_WARN_NON_LITERAL_NULL_CONVERSION = YES;
				CLANG_WARN_OBJC_IMPLICIT_RETAIN_SELF = YES;
				CLANG_WARN_OBJC_LITERAL_CONVERSION = YES;
				CLANG_WARN_OBJC_ROOT_CLASS = YES_ERROR;
				CLANG_WARN_QUOTED_INCLUDE_IN_FRAMEWORK_HEADER = YES;
				CLANG_WARN_RANGE_LOOP_ANALYSIS = YES;
				CLANG_WARN_STRICT_PROTOTYPES = YES;
				CLANG_WARN_SUSPICIOUS_MOVE = YES;
				CLANG_WARN_UNGUARDED_AVAILABILITY = YES_AGGRESSIVE;
				CLANG_WARN_UNREACHABLE_CODE = YES;
				CLANG_WARN__DUPLICATE_METHOD_MATCH = YES;
				COPY_PHASE_STRIP = NO;
				DEBUG_INFORMATION_FORMAT = "dwarf-with-dsym";
				ENABLE_NS_ASSERTIONS = NO;
				ENABLE_STRICT_OBJC_MSGSEND = YES;
				GCC_C_LANGUAGE_STANDARD = gnu11;
				GCC_NO_COMMON_BLOCKS = YES;
				GCC_WARN_64_TO_32_BIT_CONVERSION = YES;
				GCC_WARN_ABOUT_RETURN_TYPE = YES_ERROR;
				GCC_WARN_UNDECLARED_SELECTOR = YES;
				GCC_WARN_UNINITIALIZED_AUTOS = YES_AGGRESSIVE;
				GCC_WARN_UNUSED_FUNCTION = YES;
				GCC_WARN_UNUSED_VARIABLE = YES;
				IPHONEOS_DEPLOYMENT_TARGET = 15.5;
				MTL_ENABLE_DEBUG_INFO = NO;
				MTL_FAST_MATH = YES;
				SDKROOT = iphoneos;
				SWIFT_COMPILATION_MODE = wholemodule;
				SWIFT_OPTIMIZATION_LEVEL = "-O";
				VALIDATE_PRODUCT = YES;
			};
			name = Release;
		};
		9A479AC928915AAB00EA65AA /* Debug */ = {
			isa = XCBuildConfiguration;
			buildSettings = {
				ASSETCATALOG_COMPILER_APPICON_NAME = AppIcon;
				ASSETCATALOG_COMPILER_GLOBAL_ACCENT_COLOR_NAME = AccentColor;
				CODE_SIGN_STYLE = Automatic;
				CURRENT_PROJECT_VERSION = 1;
				DEVELOPMENT_ASSET_PATHS = "\"DesignCodeApp/Preview Content\"";
				DEVELOPMENT_TEAM = P934L43TAM;
				ENABLE_PREVIEWS = YES;
				GENERATE_INFOPLIST_FILE = YES;
				INFOPLIST_KEY_UIApplicationSceneManifest_Generation = YES;
				INFOPLIST_KEY_UIApplicationSupportsIndirectInputEvents = YES;
				INFOPLIST_KEY_UILaunchScreen_Generation = YES;
				INFOPLIST_KEY_UISupportedInterfaceOrientations_iPad = "UIInterfaceOrientationPortrait UIInterfaceOrientationPortraitUpsideDown UIInterfaceOrientationLandscapeLeft UIInterfaceOrientationLandscapeRight";
				INFOPLIST_KEY_UISupportedInterfaceOrientations_iPhone = "UIInterfaceOrientationPortrait UIInterfaceOrientationLandscapeLeft UIInterfaceOrientationLandscapeRight";
				IPHONEOS_DEPLOYMENT_TARGET = 15.0;
				LD_RUNPATH_SEARCH_PATHS = (
					"$(inherited)",
					"@executable_path/Frameworks",
				);
				MARKETING_VERSION = 1.0;
				PRODUCT_BUNDLE_IDENTIFIER = sn.designcodeapp.DesignCodeApp;
				PRODUCT_NAME = "$(TARGET_NAME)";
				SWIFT_EMIT_LOC_STRINGS = YES;
				SWIFT_VERSION = 5.0;
				TARGETED_DEVICE_FAMILY = "1,2";
			};
			name = Debug;
		};
		9A479ACA28915AAB00EA65AA /* Release */ = {
			isa = XCBuildConfiguration;
			buildSettings = {
				ASSETCATALOG_COMPILER_APPICON_NAME = AppIcon;
				ASSETCATALOG_COMPILER_GLOBAL_ACCENT_COLOR_NAME = AccentColor;
				CODE_SIGN_STYLE = Automatic;
				CURRENT_PROJECT_VERSION = 1;
				DEVELOPMENT_ASSET_PATHS = "\"DesignCodeApp/Preview Content\"";
				DEVELOPMENT_TEAM = P934L43TAM;
				ENABLE_PREVIEWS = YES;
				GENERATE_INFOPLIST_FILE = YES;
				INFOPLIST_KEY_UIApplicationSceneManifest_Generation = YES;
				INFOPLIST_KEY_UIApplicationSupportsIndirectInputEvents = YES;
				INFOPLIST_KEY_UILaunchScreen_Generation = YES;
				INFOPLIST_KEY_UISupportedInterfaceOrientations_iPad = "UIInterfaceOrientationPortrait UIInterfaceOrientationPortraitUpsideDown UIInterfaceOrientationLandscapeLeft UIInterfaceOrientationLandscapeRight";
				INFOPLIST_KEY_UISupportedInterfaceOrientations_iPhone = "UIInterfaceOrientationPortrait UIInterfaceOrientationLandscapeLeft UIInterfaceOrientationLandscapeRight";
				IPHONEOS_DEPLOYMENT_TARGET = 15.0;
				LD_RUNPATH_SEARCH_PATHS = (
					"$(inherited)",
					"@executable_path/Frameworks",
				);
				MARKETING_VERSION = 1.0;
				PRODUCT_BUNDLE_IDENTIFIER = sn.designcodeapp.DesignCodeApp;
				PRODUCT_NAME = "$(TARGET_NAME)";
				SWIFT_EMIT_LOC_STRINGS = YES;
				SWIFT_VERSION = 5.0;
				TARGETED_DEVICE_FAMILY = "1,2";
			};
			name = Release;
		};
/* End XCBuildConfiguration section */

/* Begin XCConfigurationList section */
		9A479AB528915AAB00EA65AA /* Build configuration list for PBXProject "DesignCodeApp" */ = {
			isa = XCConfigurationList;
			buildConfigurations = (
				9A479AC628915AAB00EA65AA /* Debug */,
				9A479AC728915AAB00EA65AA /* Release */,
			);
			defaultConfigurationIsVisible = 0;
			defaultConfigurationName = Release;
		};
		9A479AC828915AAB00EA65AA /* Build configuration list for PBXNativeTarget "DesignCodeApp" */ = {
			isa = XCConfigurationList;
			buildConfigurations = (
				9A479AC928915AAB00EA65AA /* Debug */,
				9A479ACA28915AAB00EA65AA /* Release */,
			);
			defaultConfigurationIsVisible = 0;
			defaultConfigurationName = Release;
		};
/* End XCConfigurationList section */
	};
	rootObject = 9A479AB228915AAB00EA65AA /* Project object */;
}
